// !$*UTF8*$!
{
	archiveVersion = 1;
	classes = {
	};
	objectVersion = 48;
	objects = {

/* Begin PBXBuildFile section */
		1D3771DE405906B75FBC96BC /* Pods_pixel_city.framework in Frameworks */ = {isa = PBXBuildFile; fileRef = 7C203D94E338D224CDA7F935 /* Pods_pixel_city.framework */; };
		DE99A3B61FD97AFE006DB7CE /* AppDelegate.swift in Sources */ = {isa = PBXBuildFile; fileRef = DE99A3B51FD97AFE006DB7CE /* AppDelegate.swift */; };
		DE99A3BB1FD97AFE006DB7CE /* Main.storyboard in Resources */ = {isa = PBXBuildFile; fileRef = DE99A3B91FD97AFE006DB7CE /* Main.storyboard */; };
		DE99A3BD1FD97AFE006DB7CE /* Assets.xcassets in Resources */ = {isa = PBXBuildFile; fileRef = DE99A3BC1FD97AFE006DB7CE /* Assets.xcassets */; };
		DE99A3C01FD97AFE006DB7CE /* LaunchScreen.storyboard in Resources */ = {isa = PBXBuildFile; fileRef = DE99A3BE1FD97AFE006DB7CE /* LaunchScreen.storyboard */; };
		DE99A3CD1FD97BB7006DB7CE /* MapVC.swift in Sources */ = {isa = PBXBuildFile; fileRef = DE99A3CC1FD97BB7006DB7CE /* MapVC.swift */; };
		DEC307041FDAC93F00ED73D9 /* DroppablePin.swift in Sources */ = {isa = PBXBuildFile; fileRef = DEC307031FDAC93F00ED73D9 /* DroppablePin.swift */; };
/* End PBXBuildFile section */

/* Begin PBXFileReference section */
		544C9F0DD644C7C5F1DF63BC /* Pods-pixel-city.debug.xcconfig */ = {isa = PBXFileReference; includeInIndex = 1; lastKnownFileType = text.xcconfig; name = "Pods-pixel-city.debug.xcconfig"; path = "Pods/Target Support Files/Pods-pixel-city/Pods-pixel-city.debug.xcconfig"; sourceTree = "<group>"; };
		7C203D94E338D224CDA7F935 /* Pods_pixel_city.framework */ = {isa = PBXFileReference; explicitFileType = wrapper.framework; includeInIndex = 0; path = Pods_pixel_city.framework; sourceTree = BUILT_PRODUCTS_DIR; };
		B00A7120C665C85B11F129A0 /* Pods-pixel-city.release.xcconfig */ = {isa = PBXFileReference; includeInIndex = 1; lastKnownFileType = text.xcconfig; name = "Pods-pixel-city.release.xcconfig"; path = "Pods/Target Support Files/Pods-pixel-city/Pods-pixel-city.release.xcconfig"; sourceTree = "<group>"; };
		DE99A3B21FD97AFE006DB7CE /* pixel-city.app */ = {isa = PBXFileReference; explicitFileType = wrapper.application; includeInIndex = 0; path = "pixel-city.app"; sourceTree = BUILT_PRODUCTS_DIR; };
		DE99A3B51FD97AFE006DB7CE /* AppDelegate.swift */ = {isa = PBXFileReference; lastKnownFileType = sourcecode.swift; path = AppDelegate.swift; sourceTree = "<group>"; };
		DE99A3BA1FD97AFE006DB7CE /* Base */ = {isa = PBXFileReference; lastKnownFileType = file.storyboard; name = Base; path = Base.lproj/Main.storyboard; sourceTree = "<group>"; };
		DE99A3BC1FD97AFE006DB7CE /* Assets.xcassets */ = {isa = PBXFileReference; lastKnownFileType = folder.assetcatalog; path = Assets.xcassets; sourceTree = "<group>"; };
		DE99A3BF1FD97AFE006DB7CE /* Base */ = {isa = PBXFileReference; lastKnownFileType = file.storyboard; name = Base; path = Base.lproj/LaunchScreen.storyboard; sourceTree = "<group>"; };
		DE99A3C11FD97AFE006DB7CE /* Info.plist */ = {isa = PBXFileReference; lastKnownFileType = text.plist.xml; path = Info.plist; sourceTree = "<group>"; };
		DE99A3CC1FD97BB7006DB7CE /* MapVC.swift */ = {isa = PBXFileReference; lastKnownFileType = sourcecode.swift; path = MapVC.swift; sourceTree = "<group>"; };
		DEC307031FDAC93F00ED73D9 /* DroppablePin.swift */ = {isa = PBXFileReference; lastKnownFileType = sourcecode.swift; path = DroppablePin.swift; sourceTree = "<group>"; };
/* End PBXFileReference section */

/* Begin PBXFrameworksBuildPhase section */
		DE99A3AF1FD97AFE006DB7CE /* Frameworks */ = {
			isa = PBXFrameworksBuildPhase;
			buildActionMask = 2147483647;
			files = (
				1D3771DE405906B75FBC96BC /* Pods_pixel_city.framework in Frameworks */,
			);
			runOnlyForDeploymentPostprocessing = 0;
		};
/* End PBXFrameworksBuildPhase section */

/* Begin PBXGroup section */
		ACDEE9818BF2733A5DE42E40 /* Pods */ = {
			isa = PBXGroup;
			children = (
				544C9F0DD644C7C5F1DF63BC /* Pods-pixel-city.debug.xcconfig */,
				B00A7120C665C85B11F129A0 /* Pods-pixel-city.release.xcconfig */,
			);
			name = Pods;
			sourceTree = "<group>";
		};
		B8459DB10627FD237B9D23FB /* Frameworks */ = {
			isa = PBXGroup;
			children = (
				7C203D94E338D224CDA7F935 /* Pods_pixel_city.framework */,
			);
			name = Frameworks;
			sourceTree = "<group>";
		};
		DE99A3A91FD97AFE006DB7CE = {
			isa = PBXGroup;
			children = (
				DE99A3B41FD97AFE006DB7CE /* pixel-city */,
				DE99A3B31FD97AFE006DB7CE /* Products */,
				ACDEE9818BF2733A5DE42E40 /* Pods */,
				B8459DB10627FD237B9D23FB /* Frameworks */,
			);
			sourceTree = "<group>";
		};
		DE99A3B31FD97AFE006DB7CE /* Products */ = {
			isa = PBXGroup;
			children = (
				DE99A3B21FD97AFE006DB7CE /* pixel-city.app */,
			);
			name = Products;
			sourceTree = "<group>";
		};
		DE99A3B41FD97AFE006DB7CE /* pixel-city */ = {
			isa = PBXGroup;
			children = (
				DE99A3CB1FD97B6C006DB7CE /* Utilities */,
				DE99A3CA1FD97B61006DB7CE /* Extensions */,
				DE99A3C81FD97B4F006DB7CE /* View */,
				DE99A3C71FD97B43006DB7CE /* Controller */,
				DE99A3B51FD97AFE006DB7CE /* AppDelegate.swift */,
				DE99A3B91FD97AFE006DB7CE /* Main.storyboard */,
				DE99A3BC1FD97AFE006DB7CE /* Assets.xcassets */,
				DE99A3BE1FD97AFE006DB7CE /* LaunchScreen.storyboard */,
				DE99A3C11FD97AFE006DB7CE /* Info.plist */,
			);
			path = "pixel-city";
			sourceTree = "<group>";
		};
		DE99A3C71FD97B43006DB7CE /* Controller */ = {
			isa = PBXGroup;
			children = (
				DE99A3CC1FD97BB7006DB7CE /* MapVC.swift */,
			);
			path = Controller;
			sourceTree = "<group>";
		};
		DE99A3C81FD97B4F006DB7CE /* View */ = {
			isa = PBXGroup;
			children = (
				DEC307031FDAC93F00ED73D9 /* DroppablePin.swift */,
			);
			path = View;
			sourceTree = "<group>";
		};
		DE99A3CA1FD97B61006DB7CE /* Extensions */ = {
			isa = PBXGroup;
			children = (
			);
			path = Extensions;
			sourceTree = "<group>";
		};
		DE99A3CB1FD97B6C006DB7CE /* Utilities */ = {
			isa = PBXGroup;
			children = (
			);
			path = Utilities;
			sourceTree = "<group>";
		};
/* End PBXGroup section */

/* Begin PBXNativeTarget section */
		DE99A3B11FD97AFE006DB7CE /* pixel-city */ = {
			isa = PBXNativeTarget;
			buildConfigurationList = DE99A3C41FD97AFE006DB7CE /* Build configuration list for PBXNativeTarget "pixel-city" */;
			buildPhases = (
				9B92CB9F3A03F8720D6892AA /* [CP] Check Pods Manifest.lock */,
				DE99A3AE1FD97AFE006DB7CE /* Sources */,
				DE99A3AF1FD97AFE006DB7CE /* Frameworks */,
				DE99A3B01FD97AFE006DB7CE /* Resources */,
				4C915F348520CE75B2FE75B7 /* [CP] Embed Pods Frameworks */,
				463E784613B6514B8FD402BA /* [CP] Copy Pods Resources */,
			);
			buildRules = (
			);
			dependencies = (
			);
			name = "pixel-city";
			productName = "pixel-city";
			productReference = DE99A3B21FD97AFE006DB7CE /* pixel-city.app */;
			productType = "com.apple.product-type.application";
		};
/* End PBXNativeTarget section */

/* Begin PBXProject section */
		DE99A3AA1FD97AFE006DB7CE /* Project object */ = {
			isa = PBXProject;
			attributes = {
				LastSwiftUpdateCheck = 0910;
				LastUpgradeCheck = 0910;
				ORGANIZATIONNAME = "Le Dang Dai Duong";
				TargetAttributes = {
					DE99A3B11FD97AFE006DB7CE = {
						CreatedOnToolsVersion = 9.1;
						ProvisioningStyle = Automatic;
					};
				};
			};
			buildConfigurationList = DE99A3AD1FD97AFE006DB7CE /* Build configuration list for PBXProject "pixel-city" */;
			compatibilityVersion = "Xcode 8.0";
			developmentRegion = en;
			hasScannedForEncodings = 0;
			knownRegions = (
				en,
				Base,
			);
			mainGroup = DE99A3A91FD97AFE006DB7CE;
			productRefGroup = DE99A3B31FD97AFE006DB7CE /* Products */;
			projectDirPath = "";
			projectRoot = "";
			targets = (
				DE99A3B11FD97AFE006DB7CE /* pixel-city */,
			);
		};
/* End PBXProject section */

/* Begin PBXResourcesBuildPhase section */
		DE99A3B01FD97AFE006DB7CE /* Resources */ = {
			isa = PBXResourcesBuildPhase;
			buildActionMask = 2147483647;
			files = (
				DE99A3C01FD97AFE006DB7CE /* LaunchScreen.storyboard in Resources */,
				DE99A3BD1FD97AFE006DB7CE /* Assets.xcassets in Resources */,
				DE99A3BB1FD97AFE006DB7CE /* Main.storyboard in Resources */,
			);
			runOnlyForDeploymentPostprocessing = 0;
		};
/* End PBXResourcesBuildPhase section */

/* Begin PBXShellScriptBuildPhase section */
		463E784613B6514B8FD402BA /* [CP] Copy Pods Resources */ = {
			isa = PBXShellScriptBuildPhase;
			buildActionMask = 2147483647;
			files = (
			);
			inputPaths = (
			);
			name = "[CP] Copy Pods Resources";
			outputPaths = (
			);
			runOnlyForDeploymentPostprocessing = 0;
			shellPath = /bin/sh;
			shellScript = "\"${SRCROOT}/Pods/Target Support Files/Pods-pixel-city/Pods-pixel-city-resources.sh\"\n";
			showEnvVarsInLog = 0;
		};
		4C915F348520CE75B2FE75B7 /* [CP] Embed Pods Frameworks */ = {
			isa = PBXShellScriptBuildPhase;
			buildActionMask = 2147483647;
			files = (
			);
			inputPaths = (
			);
			name = "[CP] Embed Pods Frameworks";
			outputPaths = (
			);
			runOnlyForDeploymentPostprocessing = 0;
			shellPath = /bin/sh;
			shellScript = "\"${SRCROOT}/Pods/Target Support Files/Pods-pixel-city/Pods-pixel-city-frameworks.sh\"\n";
			showEnvVarsInLog = 0;
		};
		9B92CB9F3A03F8720D6892AA /* [CP] Check Pods Manifest.lock */ = {
			isa = PBXShellScriptBuildPhase;
			buildActionMask = 2147483647;
			files = (
			);
			inputPaths = (
			);
			name = "[CP] Check Pods Manifest.lock";
			outputPaths = (
			);
			runOnlyForDeploymentPostprocessing = 0;
			shellPath = /bin/sh;
			shellScript = "diff \"${PODS_PODFILE_DIR_PATH}/Podfile.lock\" \"${PODS_ROOT}/Manifest.lock\" > /dev/null\nif [ $? != 0 ] ; then\n    # print error to STDERR\n    echo \"error: The sandbox is not in sync with the Podfile.lock. Run 'pod install' or update your CocoaPods installation.\" >&2\n    exit 1\nfi\n";
			showEnvVarsInLog = 0;
		};
/* End PBXShellScriptBuildPhase section */

/* Begin PBXSourcesBuildPhase section */
		DE99A3AE1FD97AFE006DB7CE /* Sources */ = {
			isa = PBXSourcesBuildPhase;
			buildActionMask = 2147483647;
			files = (
				DE99A3B61FD97AFE006DB7CE /* AppDelegate.swift in Sources */,
				DEC307041FDAC93F00ED73D9 /* DroppablePin.swift in Sources */,
				DE99A3CD1FD97BB7006DB7CE /* MapVC.swift in Sources */,
			);
			runOnlyForDeploymentPostprocessing = 0;
		};
/* End PBXSourcesBuildPhase section */

/* Begin PBXVariantGroup section */
		DE99A3B91FD97AFE006DB7CE /* Main.storyboard */ = {
			isa = PBXVariantGroup;
			children = (
				DE99A3BA1FD97AFE006DB7CE /* Base */,
			);
			name = Main.storyboard;
			sourceTree = "<group>";
		};
		DE99A3BE1FD97AFE006DB7CE /* LaunchScreen.storyboard */ = {
			isa = PBXVariantGroup;
			children = (
				DE99A3BF1FD97AFE006DB7CE /* Base */,
			);
			name = LaunchScreen.storyboard;
			sourceTree = "<group>";
		};
/* End PBXVariantGroup section */

/* Begin XCBuildConfiguration section */
		DE99A3C21FD97AFE006DB7CE /* Debug */ = {
			isa = XCBuildConfiguration;
			buildSettings = {
				ALWAYS_SEARCH_USER_PATHS = NO;
				CLANG_ANALYZER_NONNULL = YES;
				CLANG_ANALYZER_NUMBER_OBJECT_CONVERSION = YES_AGGRESSIVE;
				CLANG_CXX_LANGUAGE_STANDARD = "gnu++14";
				CLANG_CXX_LIBRARY = "libc++";
				CLANG_ENABLE_MODULES = YES;
				CLANG_ENABLE_OBJC_ARC = YES;
				CLANG_WARN_BLOCK_CAPTURE_AUTORELEASING = YES;
				CLANG_WARN_BOOL_CONVERSION = YES;
				CLANG_WARN_COMMA = YES;
				CLANG_WARN_CONSTANT_CONVERSION = YES;
				CLANG_WARN_DIRECT_OBJC_ISA_USAGE = YES_ERROR;
				CLANG_WARN_DOCUMENTATION_COMMENTS = YES;
				CLANG_WARN_EMPTY_BODY = YES;
				CLANG_WARN_ENUM_CONVERSION = YES;
				CLANG_WARN_INFINITE_RECURSION = YES;
				CLANG_WARN_INT_CONVERSION = YES;
				CLANG_WARN_NON_LITERAL_NULL_CONVERSION = YES;
				CLANG_WARN_OBJC_LITERAL_CONVERSION = YES;
				CLANG_WARN_OBJC_ROOT_CLASS = YES_ERROR;
				CLANG_WARN_RANGE_LOOP_ANALYSIS = YES;
				CLANG_WARN_STRICT_PROTOTYPES = YES;
				CLANG_WARN_SUSPICIOUS_MOVE = YES;
				CLANG_WARN_UNGUARDED_AVAILABILITY = YES_AGGRESSIVE;
				CLANG_WARN_UNREACHABLE_CODE = YES;
				CLANG_WARN__DUPLICATE_METHOD_MATCH = YES;
				CODE_SIGN_IDENTITY = "iPhone Developer";
				COPY_PHASE_STRIP = NO;
				DEBUG_INFORMATION_FORMAT = dwarf;
				ENABLE_STRICT_OBJC_MSGSEND = YES;
				ENABLE_TESTABILITY = YES;
				GCC_C_LANGUAGE_STANDARD = gnu11;
				GCC_DYNAMIC_NO_PIC = NO;
				GCC_NO_COMMON_BLOCKS = YES;
				GCC_OPTIMIZATION_LEVEL = 0;
				GCC_PREPROCESSOR_DEFINITIONS = (
					"DEBUG=1",
					"$(inherited)",
				);
				GCC_WARN_64_TO_32_BIT_CONVERSION = YES;
				GCC_WARN_ABOUT_RETURN_TYPE = YES_ERROR;
				GCC_WARN_UNDECLARED_SELECTOR = YES;
				GCC_WARN_UNINITIALIZED_AUTOS = YES_AGGRESSIVE;
				GCC_WARN_UNUSED_FUNCTION = YES;
				GCC_WARN_UNUSED_VARIABLE = YES;
				IPHONEOS_DEPLOYMENT_TARGET = 11.1;
				MTL_ENABLE_DEBUG_INFO = YES;
				ONLY_ACTIVE_ARCH = YES;
				SDKROOT = iphoneos;
				SWIFT_ACTIVE_COMPILATION_CONDITIONS = DEBUG;
				SWIFT_OPTIMIZATION_LEVEL = "-Onone";
			};
			name = Debug;
		};
		DE99A3C31FD97AFE006DB7CE /* Release */ = {
			isa = XCBuildConfiguration;
			buildSettings = {
				ALWAYS_SEARCH_USER_PATHS = NO;
				CLANG_ANALYZER_NONNULL = YES;
				CLANG_ANALYZER_NUMBER_OBJECT_CONVERSION = YES_AGGRESSIVE;
				CLANG_CXX_LANGUAGE_STANDARD = "gnu++14";
				CLANG_CXX_LIBRARY = "libc++";
				CLANG_ENABLE_MODULES = YES;
				CLANG_ENABLE_OBJC_ARC = YES;
				CLANG_WARN_BLOCK_CAPTURE_AUTORELEASING = YES;
				CLANG_WARN_BOOL_CONVERSION = YES;
				CLANG_WARN_COMMA = YES;
				CLANG_WARN_CONSTANT_CONVERSION = YES;
				CLANG_WARN_DIRECT_OBJC_ISA_USAGE = YES_ERROR;
				CLANG_WARN_DOCUMENTATION_COMMENTS = YES;
				CLANG_WARN_EMPTY_BODY = YES;
				CLANG_WARN_ENUM_CONVERSION = YES;
				CLANG_WARN_INFINITE_RECURSION = YES;
				CLANG_WARN_INT_CONVERSION = YES;
				CLANG_WARN_NON_LITERAL_NULL_CONVERSION = YES;
				CLANG_WARN_OBJC_LITERAL_CONVERSION = YES;
				CLANG_WARN_OBJC_ROOT_CLASS = YES_ERROR;
				CLANG_WARN_RANGE_LOOP_ANALYSIS = YES;
				CLANG_WARN_STRICT_PROTOTYPES = YES;
				CLANG_WARN_SUSPICIOUS_MOVE = YES;
				CLANG_WARN_UNGUARDED_AVAILABILITY = YES_AGGRESSIVE;
				CLANG_WARN_UNREACHABLE_CODE = YES;
				CLANG_WARN__DUPLICATE_METHOD_MATCH = YES;
				CODE_SIGN_IDENTITY = "iPhone Developer";
				COPY_PHASE_STRIP = NO;
				DEBUG_INFORMATION_FORMAT = "dwarf-with-dsym";
				ENABLE_NS_ASSERTIONS = NO;
				ENABLE_STRICT_OBJC_MSGSEND = YES;
				GCC_C_LANGUAGE_STANDARD = gnu11;
				GCC_NO_COMMON_BLOCKS = YES;
				GCC_WARN_64_TO_32_BIT_CONVERSION = YES;
				GCC_WARN_ABOUT_RETURN_TYPE = YES_ERROR;
				GCC_WARN_UNDECLARED_SELECTOR = YES;
				GCC_WARN_UNINITIALIZED_AUTOS = YES_AGGRESSIVE;
				GCC_WARN_UNUSED_FUNCTION = YES;
				GCC_WARN_UNUSED_VARIABLE = YES;
				IPHONEOS_DEPLOYMENT_TARGET = 11.1;
				MTL_ENABLE_DEBUG_INFO = NO;
				SDKROOT = iphoneos;
				SWIFT_OPTIMIZATION_LEVEL = "-Owholemodule";
				VALIDATE_PRODUCT = YES;
			};
			name = Release;
		};
		DE99A3C51FD97AFE006DB7CE /* Debug */ = {
			isa = XCBuildConfiguration;
			baseConfigurationReference = 544C9F0DD644C7C5F1DF63BC /* Pods-pixel-city.debug.xcconfig */;
			buildSettings = {
				ASSETCATALOG_COMPILER_APPICON_NAME = AppIcon;
				CODE_SIGN_STYLE = Automatic;
				INFOPLIST_FILE = "pixel-city/Info.plist";
				LD_RUNPATH_SEARCH_PATHS = "$(inherited) @executable_path/Frameworks";
				PRODUCT_BUNDLE_IDENTIFIER = "com.pixel-city";
				PRODUCT_NAME = "$(TARGET_NAME)";
				SWIFT_VERSION = 4.0;
				TARGETED_DEVICE_FAMILY = "1,2";
			};
			name = Debug;
		};
		DE99A3C61FD97AFE006DB7CE /* Release */ = {
			isa = XCBuildConfiguration;
			baseConfigurationReference = B00A7120C665C85B11F129A0 /* Pods-pixel-city.release.xcconfig */;
			buildSettings = {
				ASSETCATALOG_COMPILER_APPICON_NAME = AppIcon;
				CODE_SIGN_STYLE = Automatic;
				INFOPLIST_FILE = "pixel-city/Info.plist";
				LD_RUNPATH_SEARCH_PATHS = "$(inherited) @executable_path/Frameworks";
				PRODUCT_BUNDLE_IDENTIFIER = "com.pixel-city";
				PRODUCT_NAME = "$(TARGET_NAME)";
				SWIFT_VERSION = 4.0;
				TARGETED_DEVICE_FAMILY = "1,2";
			};
			name = Release;
		};
/* End XCBuildConfiguration section */

/* Begin XCConfigurationList section */
		DE99A3AD1FD97AFE006DB7CE /* Build configuration list for PBXProject "pixel-city" */ = {
			isa = XCConfigurationList;
			buildConfigurations = (
				DE99A3C21FD97AFE006DB7CE /* Debug */,
				DE99A3C31FD97AFE006DB7CE /* Release */,
			);
			defaultConfigurationIsVisible = 0;
			defaultConfigurationName = Release;
		};
		DE99A3C41FD97AFE006DB7CE /* Build configuration list for PBXNativeTarget "pixel-city" */ = {
			isa = XCConfigurationList;
			buildConfigurations = (
				DE99A3C51FD97AFE006DB7CE /* Debug */,
				DE99A3C61FD97AFE006DB7CE /* Release */,
			);
			defaultConfigurationIsVisible = 0;
			defaultConfigurationName = Release;
		};
/* End XCConfigurationList section */
	};
	rootObject = DE99A3AA1FD97AFE006DB7CE /* Project object */;
}
